
Microsoft Visual Studio Solution File, Format Version 12.00
# Visual Studio Version 16
VisualStudioVersion = 16.0.30114.105
MinimumVisualStudioVersion = 10.0.40219.1
Project("{FAE04EC0-301F-11D3-BF4B-00C04F79EFBC}") = "Library", "Library\Library.csproj", "{31869DC5-1019-49C7-906B-3ED37004454D}"
EndProject
Project("{FAE04EC0-301F-11D3-BF4B-00C04F79EFBC}") = "App", "App\App.csproj", "{406ADACF-F911-43E3-9A3F-BEF882011300}"
EndProject
Global
	GlobalSection(SolutionConfigurationPlatforms) = preSolution
		Debug|Any CPU = Debug|Any CPU
		Release|Any CPU = Release|Any CPU
	EndGlobalSection
	GlobalSection(SolutionProperties) = preSolution
		HideSolutionNode = FALSE
	EndGlobalSection
	GlobalSection(ProjectConfigurationPlatforms) = postSolution
		{31869DC5-1019-49C7-906B-3ED37004454D}.Debug|Any CPU.ActiveCfg = Debug|Any CPU
		{31869DC5-1019-49C7-906B-3ED37004454D}.Debug|Any CPU.Build.0 = Debug|Any CPU
		{31869DC5-1019-49C7-906B-3ED37004454D}.Release|Any CPU.ActiveCfg = Release|Any CPU
		{31869DC5-1019-49C7-906B-3ED37004454D}.Release|Any CPU.Build.0 = Release|Any CPU
		{406ADACF-F911-43E3-9A3F-BEF882011300}.Debug|Any CPU.ActiveCfg = Debug|Any CPU
		{406ADACF-F911-43E3-9A3F-BEF882011300}.Debug|Any CPU.Build.0 = Debug|Any CPU
		{406ADACF-F911-43E3-9A3F-BEF882011300}.Release|Any CPU.ActiveCfg = Release|Any CPU
		{406ADACF-F911-43E3-9A3F-BEF882011300}.Release|Any CPU.Build.0 = Release|Any CPU
	EndGlobalSection
EndGlobal
